// !$*UTF8*$!
{
	archiveVersion = 1;
	classes = {
	};
	objectVersion = 56;
	objects = {

/* Begin PBXBuildFile section */
		4F239CDE29D54E38008E12AA /* FilesViewController.m in Sources */ = {isa = PBXBuildFile; fileRef = 4F239CDD29D54E38008E12AA /* FilesViewController.m */; };
		4F239CE229D5586A008E12AA /* FilesViewModel.m in Sources */ = {isa = PBXBuildFile; fileRef = 4F239CE129D5586A008E12AA /* FilesViewModel.m */; };
		4F239CE529D55A2C008E12AA /* FilesSectionModel.m in Sources */ = {isa = PBXBuildFile; fileRef = 4F239CE429D55A2C008E12AA /* FilesSectionModel.m */; };
		4F239CE829D55AD3008E12AA /* FilesItemModel.m in Sources */ = {isa = PBXBuildFile; fileRef = 4F239CE729D55AD3008E12AA /* FilesItemModel.m */; };
		4F239CEB29D55CEA008E12AA /* FilesCollectionViewCell.m in Sources */ = {isa = PBXBuildFile; fileRef = 4F239CEA29D55CEA008E12AA /* FilesCollectionViewCell.m */; };
		4F3DCD2829D5AF2300845A5C /* NSObject+Foundation_IvarDescription.mm in Sources */ = {isa = PBXBuildFile; fileRef = 4F3DCD2729D5AF2300845A5C /* NSObject+Foundation_IvarDescription.mm */; };
		4FC212FA29D34F5700441DE1 /* Assets.xcassets in Resources */ = {isa = PBXBuildFile; fileRef = 4FC212F929D34F5700441DE1 /* Assets.xcassets */; };
		4FC2130429D34F8200441DE1 /* main.m in Sources */ = {isa = PBXBuildFile; fileRef = 4FC2130329D34F8200441DE1 /* main.m */; };
		4FC2130729D3504200441DE1 /* AppDelegate.m in Sources */ = {isa = PBXBuildFile; fileRef = 4FC2130629D3504200441DE1 /* AppDelegate.m */; };
/* End PBXBuildFile section */

/* Begin PBXFileReference section */
		4F239CDC29D54E38008E12AA /* FilesViewController.h */ = {isa = PBXFileReference; lastKnownFileType = sourcecode.c.h; path = FilesViewController.h; sourceTree = "<group>"; };
		4F239CDD29D54E38008E12AA /* FilesViewController.m */ = {isa = PBXFileReference; lastKnownFileType = sourcecode.c.objc; path = FilesViewController.m; sourceTree = "<group>"; };
		4F239CE029D5586A008E12AA /* FilesViewModel.h */ = {isa = PBXFileReference; lastKnownFileType = sourcecode.c.h; path = FilesViewModel.h; sourceTree = "<group>"; };
		4F239CE129D5586A008E12AA /* FilesViewModel.m */ = {isa = PBXFileReference; lastKnownFileType = sourcecode.c.objc; path = FilesViewModel.m; sourceTree = "<group>"; };
		4F239CE329D55A2C008E12AA /* FilesSectionModel.h */ = {isa = PBXFileReference; lastKnownFileType = sourcecode.c.h; path = FilesSectionModel.h; sourceTree = "<group>"; };
		4F239CE429D55A2C008E12AA /* FilesSectionModel.m */ = {isa = PBXFileReference; lastKnownFileType = sourcecode.c.objc; path = FilesSectionModel.m; sourceTree = "<group>"; };
		4F239CE629D55AD3008E12AA /* FilesItemModel.h */ = {isa = PBXFileReference; lastKnownFileType = sourcecode.c.h; path = FilesItemModel.h; sourceTree = "<group>"; };
		4F239CE729D55AD3008E12AA /* FilesItemModel.m */ = {isa = PBXFileReference; lastKnownFileType = sourcecode.c.objc; path = FilesItemModel.m; sourceTree = "<group>"; };
		4F239CE929D55CEA008E12AA /* FilesCollectionViewCell.h */ = {isa = PBXFileReference; lastKnownFileType = sourcecode.c.h; path = FilesCollectionViewCell.h; sourceTree = "<group>"; };
		4F239CEA29D55CEA008E12AA /* FilesCollectionViewCell.m */ = {isa = PBXFileReference; lastKnownFileType = sourcecode.c.objc; path = FilesCollectionViewCell.m; sourceTree = "<group>"; };
		4F3DCD2629D5AF2300845A5C /* NSObject+Foundation_IvarDescription.h */ = {isa = PBXFileReference; fileEncoding = 4; lastKnownFileType = sourcecode.c.h; path = "NSObject+Foundation_IvarDescription.h"; sourceTree = "<group>"; };
		4F3DCD2729D5AF2300845A5C /* NSObject+Foundation_IvarDescription.mm */ = {isa = PBXFileReference; fileEncoding = 4; lastKnownFileType = sourcecode.cpp.objcpp; path = "NSObject+Foundation_IvarDescription.mm"; sourceTree = "<group>"; };
		4FC212F229D34F5600441DE1 /* PepperFileBrowser.app */ = {isa = PBXFileReference; explicitFileType = wrapper.application; includeInIndex = 0; path = PepperFileBrowser.app; sourceTree = BUILT_PRODUCTS_DIR; };
		4FC212F929D34F5700441DE1 /* Assets.xcassets */ = {isa = PBXFileReference; lastKnownFileType = folder.assetcatalog; path = Assets.xcassets; sourceTree = "<group>"; };
		4FC2130329D34F8200441DE1 /* main.m */ = {isa = PBXFileReference; lastKnownFileType = sourcecode.c.objc; path = main.m; sourceTree = "<group>"; };
		4FC2130529D3504200441DE1 /* AppDelegate.h */ = {isa = PBXFileReference; lastKnownFileType = sourcecode.c.h; path = AppDelegate.h; sourceTree = "<group>"; };
		4FC2130629D3504200441DE1 /* AppDelegate.m */ = {isa = PBXFileReference; lastKnownFileType = sourcecode.c.objc; path = AppDelegate.m; sourceTree = "<group>"; };
/* End PBXFileReference section */

/* Begin PBXFrameworksBuildPhase section */
		4FC212EF29D34F5600441DE1 /* Frameworks */ = {
			isa = PBXFrameworksBuildPhase;
			buildActionMask = 2147483647;
			files = (
			);
			runOnlyForDeploymentPostprocessing = 0;
		};
/* End PBXFrameworksBuildPhase section */

/* Begin PBXGroup section */
		4F239CDF29D54E3B008E12AA /* Files */ = {
			isa = PBXGroup;
			children = (
				4F239CDC29D54E38008E12AA /* FilesViewController.h */,
				4F239CDD29D54E38008E12AA /* FilesViewController.m */,
				4F239CE929D55CEA008E12AA /* FilesCollectionViewCell.h */,
				4F239CEA29D55CEA008E12AA /* FilesCollectionViewCell.m */,
				4F239CE029D5586A008E12AA /* FilesViewModel.h */,
				4F239CE129D5586A008E12AA /* FilesViewModel.m */,
				4F239CE329D55A2C008E12AA /* FilesSectionModel.h */,
				4F239CE429D55A2C008E12AA /* FilesSectionModel.m */,
				4F239CE629D55AD3008E12AA /* FilesItemModel.h */,
				4F239CE729D55AD3008E12AA /* FilesItemModel.m */,
			);
			path = Files;
			sourceTree = "<group>";
		};
		4FC212E929D34F5600441DE1 = {
			isa = PBXGroup;
			children = (
				4FC212F429D34F5600441DE1 /* PepperFileBrowser */,
				4FC212F329D34F5600441DE1 /* Products */,
			);
			sourceTree = "<group>";
		};
		4FC212F329D34F5600441DE1 /* Products */ = {
			isa = PBXGroup;
			children = (
				4FC212F229D34F5600441DE1 /* PepperFileBrowser.app */,
			);
			name = Products;
			sourceTree = "<group>";
		};
		4FC212F429D34F5600441DE1 /* PepperFileBrowser */ = {
			isa = PBXGroup;
			children = (
				4FC212F929D34F5700441DE1 /* Assets.xcassets */,
				4FC2130529D3504200441DE1 /* AppDelegate.h */,
				4FC2130629D3504200441DE1 /* AppDelegate.m */,
				4F239CDF29D54E3B008E12AA /* Files */,
				4FC2130329D34F8200441DE1 /* main.m */,
				4F3DCD2629D5AF2300845A5C /* NSObject+Foundation_IvarDescription.h */,
				4F3DCD2729D5AF2300845A5C /* NSObject+Foundation_IvarDescription.mm */,
			);
			path = PepperFileBrowser;
			sourceTree = "<group>";
		};
/* End PBXGroup section */

/* Begin PBXNativeTarget section */
		4FC212F129D34F5600441DE1 /* PepperFileBrowser */ = {
			isa = PBXNativeTarget;
			buildConfigurationList = 4FC2130029D34F5700441DE1 /* Build configuration list for PBXNativeTarget "PepperFileBrowser" */;
			buildPhases = (
				4FC212EE29D34F5600441DE1 /* Sources */,
				4FC212EF29D34F5600441DE1 /* Frameworks */,
				4FC212F029D34F5600441DE1 /* Resources */,
			);
			buildRules = (
			);
			dependencies = (
			);
			name = PepperFileBrowser;
			productName = "PepperFileBrowser Watch App";
			productReference = 4FC212F229D34F5600441DE1 /* PepperFileBrowser.app */;
			productType = "com.apple.product-type.application";
		};
/* End PBXNativeTarget section */

/* Begin PBXProject section */
		4FC212EA29D34F5600441DE1 /* Project object */ = {
			isa = PBXProject;
			attributes = {
				BuildIndependentTargetsInParallel = 1;
				LastSwiftUpdateCheck = 1430;
				LastUpgradeCheck = 1430;
				TargetAttributes = {
					4FC212F129D34F5600441DE1 = {
						CreatedOnToolsVersion = 14.3;
					};
				};
			};
			buildConfigurationList = 4FC212ED29D34F5600441DE1 /* Build configuration list for PBXProject "PepperFileBrowser" */;
			compatibilityVersion = "Xcode 14.0";
			developmentRegion = en;
			hasScannedForEncodings = 0;
			knownRegions = (
				en,
				Base,
			);
			mainGroup = 4FC212E929D34F5600441DE1;
			productRefGroup = 4FC212F329D34F5600441DE1 /* Products */;
			projectDirPath = "";
			projectRoot = "";
			targets = (
				4FC212F129D34F5600441DE1 /* PepperFileBrowser */,
			);
		};
/* End PBXProject section */

/* Begin PBXResourcesBuildPhase section */
		4FC212F029D34F5600441DE1 /* Resources */ = {
			isa = PBXResourcesBuildPhase;
			buildActionMask = 2147483647;
			files = (
				4FC212FA29D34F5700441DE1 /* Assets.xcassets in Resources */,
			);
			runOnlyForDeploymentPostprocessing = 0;
		};
/* End PBXResourcesBuildPhase section */

/* Begin PBXSourcesBuildPhase section */
		4FC212EE29D34F5600441DE1 /* Sources */ = {
			isa = PBXSourcesBuildPhase;
			buildActionMask = 2147483647;
			files = (
				4FC2130729D3504200441DE1 /* AppDelegate.m in Sources */,
				4F239CDE29D54E38008E12AA /* FilesViewController.m in Sources */,
				4F239CE529D55A2C008E12AA /* FilesSectionModel.m in Sources */,
				4F239CE229D5586A008E12AA /* FilesViewModel.m in Sources */,
				4F239CE829D55AD3008E12AA /* FilesItemModel.m in Sources */,
				4F3DCD2829D5AF2300845A5C /* NSObject+Foundation_IvarDescription.mm in Sources */,
				4F239CEB29D55CEA008E12AA /* FilesCollectionViewCell.m in Sources */,
				4FC2130429D34F8200441DE1 /* main.m in Sources */,
			);
			runOnlyForDeploymentPostprocessing = 0;
		};
/* End PBXSourcesBuildPhase section */

/* Begin XCBuildConfiguration section */
		4FC212FE29D34F5700441DE1 /* Debug */ = {
			isa = XCBuildConfiguration;
			buildSettings = {
				ALWAYS_SEARCH_USER_PATHS = NO;
				CLANG_ANALYZER_NONNULL = YES;
				CLANG_ANALYZER_NUMBER_OBJECT_CONVERSION = YES_AGGRESSIVE;
				CLANG_CXX_LANGUAGE_STANDARD = "gnu++20";
				CLANG_ENABLE_MODULES = YES;
				CLANG_ENABLE_OBJC_ARC = NO;
				CLANG_ENABLE_OBJC_WEAK = NO;
				CLANG_WARN_BLOCK_CAPTURE_AUTORELEASING = YES;
				CLANG_WARN_BOOL_CONVERSION = YES;
				CLANG_WARN_COMMA = YES;
				CLANG_WARN_CONSTANT_CONVERSION = YES;
				CLANG_WARN_DEPRECATED_OBJC_IMPLEMENTATIONS = YES;
				CLANG_WARN_DIRECT_OBJC_ISA_USAGE = YES_ERROR;
				CLANG_WARN_DOCUMENTATION_COMMENTS = YES;
				CLANG_WARN_EMPTY_BODY = YES;
				CLANG_WARN_ENUM_CONVERSION = YES;
				CLANG_WARN_INFINITE_RECURSION = YES;
				CLANG_WARN_INT_CONVERSION = YES;
				CLANG_WARN_NON_LITERAL_NULL_CONVERSION = YES;
				CLANG_WARN_OBJC_IMPLICIT_RETAIN_SELF = YES;
				CLANG_WARN_OBJC_LITERAL_CONVERSION = YES;
				CLANG_WARN_OBJC_ROOT_CLASS = YES_ERROR;
				CLANG_WARN_QUOTED_INCLUDE_IN_FRAMEWORK_HEADER = YES;
				CLANG_WARN_RANGE_LOOP_ANALYSIS = YES;
				CLANG_WARN_STRICT_PROTOTYPES = YES;
				CLANG_WARN_SUSPICIOUS_MOVE = YES;
				CLANG_WARN_UNGUARDED_AVAILABILITY = YES_AGGRESSIVE;
				CLANG_WARN_UNREACHABLE_CODE = YES;
				CLANG_WARN__DUPLICATE_METHOD_MATCH = YES;
				COPY_PHASE_STRIP = NO;
				DEBUG_INFORMATION_FORMAT = dwarf;
				ENABLE_STRICT_OBJC_MSGSEND = YES;
				ENABLE_TESTABILITY = YES;
				GCC_C_LANGUAGE_STANDARD = gnu11;
				GCC_DYNAMIC_NO_PIC = NO;
				GCC_NO_COMMON_BLOCKS = YES;
				GCC_OPTIMIZATION_LEVEL = 0;
				GCC_PREPROCESSOR_DEFINITIONS = (
					"DEBUG=1",
					"$(inherited)",
				);
				GCC_WARN_64_TO_32_BIT_CONVERSION = YES;
				GCC_WARN_ABOUT_RETURN_TYPE = YES_ERROR;
				GCC_WARN_UNDECLARED_SELECTOR = YES;
				GCC_WARN_UNINITIALIZED_AUTOS = YES_AGGRESSIVE;
				GCC_WARN_UNUSED_FUNCTION = YES;
				GCC_WARN_UNUSED_VARIABLE = YES;
				MTL_ENABLE_DEBUG_INFO = INCLUDE_SOURCE;
				MTL_FAST_MATH = YES;
				ONLY_ACTIVE_ARCH = YES;
				SWIFT_ACTIVE_COMPILATION_CONDITIONS = DEBUG;
				SWIFT_OPTIMIZATION_LEVEL = "-Onone";
			};
			name = Debug;
		};
		4FC212FF29D34F5700441DE1 /* Release */ = {
			isa = XCBuildConfiguration;
			buildSettings = {
				ALWAYS_SEARCH_USER_PATHS = NO;
				CLANG_ANALYZER_NONNULL = YES;
				CLANG_ANALYZER_NUMBER_OBJECT_CONVERSION = YES_AGGRESSIVE;
				CLANG_CXX_LANGUAGE_STANDARD = "gnu++20";
				CLANG_ENABLE_MODULES = YES;
				CLANG_ENABLE_OBJC_ARC = NO;
				CLANG_ENABLE_OBJC_WEAK = NO;
				CLANG_WARN_BLOCK_CAPTURE_AUTORELEASING = YES;
				CLANG_WARN_BOOL_CONVERSION = YES;
				CLANG_WARN_COMMA = YES;
				CLANG_WARN_CONSTANT_CONVERSION = YES;
				CLANG_WARN_DEPRECATED_OBJC_IMPLEMENTATIONS = YES;
				CLANG_WARN_DIRECT_OBJC_ISA_USAGE = YES_ERROR;
				CLANG_WARN_DOCUMENTATION_COMMENTS = YES;
				CLANG_WARN_EMPTY_BODY = YES;
				CLANG_WARN_ENUM_CONVERSION = YES;
				CLANG_WARN_INFINITE_RECURSION = YES;
				CLANG_WARN_INT_CONVERSION = YES;
				CLANG_WARN_NON_LITERAL_NULL_CONVERSION = YES;
				CLANG_WARN_OBJC_IMPLICIT_RETAIN_SELF = YES;
				CLANG_WARN_OBJC_LITERAL_CONVERSION = YES;
				CLANG_WARN_OBJC_ROOT_CLASS = YES_ERROR;
				CLANG_WARN_QUOTED_INCLUDE_IN_FRAMEWORK_HEADER = YES;
				CLANG_WARN_RANGE_LOOP_ANALYSIS = YES;
				CLANG_WARN_STRICT_PROTOTYPES = YES;
				CLANG_WARN_SUSPICIOUS_MOVE = YES;
				CLANG_WARN_UNGUARDED_AVAILABILITY = YES_AGGRESSIVE;
				CLANG_WARN_UNREACHABLE_CODE = YES;
				CLANG_WARN__DUPLICATE_METHOD_MATCH = YES;
				COPY_PHASE_STRIP = NO;
				DEBUG_INFORMATION_FORMAT = "dwarf-with-dsym";
				ENABLE_NS_ASSERTIONS = NO;
				ENABLE_STRICT_OBJC_MSGSEND = YES;
				GCC_C_LANGUAGE_STANDARD = gnu11;
				GCC_NO_COMMON_BLOCKS = YES;
				GCC_WARN_64_TO_32_BIT_CONVERSION = YES;
				GCC_WARN_ABOUT_RETURN_TYPE = YES_ERROR;
				GCC_WARN_UNDECLARED_SELECTOR = YES;
				GCC_WARN_UNINITIALIZED_AUTOS = YES_AGGRESSIVE;
				GCC_WARN_UNUSED_FUNCTION = YES;
				GCC_WARN_UNUSED_VARIABLE = YES;
				MTL_ENABLE_DEBUG_INFO = NO;
				MTL_FAST_MATH = YES;
				SWIFT_COMPILATION_MODE = wholemodule;
				SWIFT_OPTIMIZATION_LEVEL = "-O";
			};
			name = Release;
		};
		4FC2130129D34F5700441DE1 /* Debug */ = {
			isa = XCBuildConfiguration;
			buildSettings = {
				ASSETCATALOG_COMPILER_APPICON_NAME = AppIcon;
				ASSETCATALOG_COMPILER_GLOBAL_ACCENT_COLOR_NAME = AccentColor;
				CODE_SIGN_STYLE = Automatic;
				CURRENT_PROJECT_VERSION = 1;
				DEVELOPMENT_TEAM = P53D29U9LJ;
				ENABLE_PREVIEWS = YES;
				GENERATE_INFOPLIST_FILE = YES;
				INFOPLIST_KEY_CFBundleDisplayName = PepperFileBrowser;
				INFOPLIST_KEY_UISupportedInterfaceOrientations = "UIInterfaceOrientationPortrait UIInterfaceOrientationPortraitUpsideDown";
				INFOPLIST_KEY_WKCompanionAppBundleIdentifier = "";
				LD_RUNPATH_SEARCH_PATHS = (
					"$(inherited)",
					"@executable_path/Frameworks",
				);
				MARKETING_VERSION = 1.0;
				PRODUCT_BUNDLE_IDENTIFIER = .watchkitapp;
				PRODUCT_NAME = "$(TARGET_NAME)";
				SDKROOT = watchos;
				SKIP_INSTALL = YES;
				SWIFT_EMIT_LOC_STRINGS = YES;
				SWIFT_VERSION = 5.0;
				TARGETED_DEVICE_FAMILY = 4;
				WATCHOS_DEPLOYMENT_TARGET = 9.4;
			};
			name = Debug;
		};
		4FC2130229D34F5700441DE1 /* Release */ = {
			isa = XCBuildConfiguration;
			buildSettings = {
				ASSETCATALOG_COMPILER_APPICON_NAME = AppIcon;
				ASSETCATALOG_COMPILER_GLOBAL_ACCENT_COLOR_NAME = AccentColor;
				CODE_SIGN_STYLE = Automatic;
				CURRENT_PROJECT_VERSION = 1;
				DEVELOPMENT_TEAM = P53D29U9LJ;
				ENABLE_PREVIEWS = YES;
				GENERATE_INFOPLIST_FILE = YES;
				INFOPLIST_KEY_CFBundleDisplayName = PepperFileBrowser;
				INFOPLIST_KEY_UISupportedInterfaceOrientations = "UIInterfaceOrientationPortrait UIInterfaceOrientationPortraitUpsideDown";
				INFOPLIST_KEY_WKCompanionAppBundleIdentifier = "";
				LD_RUNPATH_SEARCH_PATHS = (
					"$(inherited)",
					"@executable_path/Frameworks",
				);
				MARKETING_VERSION = 1.0;
				PRODUCT_BUNDLE_IDENTIFIER = .watchkitapp;
				PRODUCT_NAME = "$(TARGET_NAME)";
				SDKROOT = watchos;
				SKIP_INSTALL = YES;
				SWIFT_EMIT_LOC_STRINGS = YES;
				SWIFT_VERSION = 5.0;
				TARGETED_DEVICE_FAMILY = 4;
				VALIDATE_PRODUCT = YES;
				WATCHOS_DEPLOYMENT_TARGET = 9.4;
			};
			name = Release;
		};
/* End XCBuildConfiguration section */

/* Begin XCConfigurationList section */
		4FC212ED29D34F5600441DE1 /* Build configuration list for PBXProject "PepperFileBrowser" */ = {
			isa = XCConfigurationList;
			buildConfigurations = (
				4FC212FE29D34F5700441DE1 /* Debug */,
				4FC212FF29D34F5700441DE1 /* Release */,
			);
			defaultConfigurationIsVisible = 0;
			defaultConfigurationName = Release;
		};
		4FC2130029D34F5700441DE1 /* Build configuration list for PBXNativeTarget "PepperFileBrowser" */ = {
			isa = XCConfigurationList;
			buildConfigurations = (
				4FC2130129D34F5700441DE1 /* Debug */,
				4FC2130229D34F5700441DE1 /* Release */,
			);
			defaultConfigurationIsVisible = 0;
			defaultConfigurationName = Release;
		};
/* End XCConfigurationList section */
	};
	rootObject = 4FC212EA29D34F5600441DE1 /* Project object */;
}
